
Microsoft Visual Studio Solution File, Format Version 12.00
# Visual Studio 14
VisualStudioVersion = 14.0.25420.1
MinimumVisualStudioVersion = 10.0.40219.1
Project("{FAE04EC0-301F-11D3-BF4B-00C04F79EFBC}") = "TeamVesper.Models", "TeamVesper.Models\TeamVesper.Models.csproj", "{8746D04C-43B3-4DE3-9668-4169AB64FC15}"
EndProject
Project("{FAE04EC0-301F-11D3-BF4B-00C04F79EFBC}") = "TeamVesper.SqlServerData", "TeamVesper.SqlServerData\TeamVesper.SqlServerData.csproj", "{E2263523-AD04-43A5-9390-F8EA35B3DA2B}"
EndProject
Project("{FAE04EC0-301F-11D3-BF4B-00C04F79EFBC}") = "TeamVesper.DbCreate", "TeamVesper.DbCreate\TeamVesper.DbCreate.csproj", "{F45724AC-16D9-407D-8E6A-F9E6C39D27B1}"
EndProject
Project("{FAE04EC0-301F-11D3-BF4B-00C04F79EFBC}") = "TeamVesper.Repositories", "TeamVesper.Repositories\TeamVesper.Repositories.csproj", "{EF03E9B3-F3A1-4AAD-B2AD-2D3089F9E8B0}"
EndProject
Project("{FAE04EC0-301F-11D3-BF4B-00C04F79EFBC}") = "TeamVesper.Mappers", "TeamVesper.Mappers\TeamVesper.Mappers.csproj", "{E666DEB1-C969-4560-B143-26C96B2D9D37}"
EndProject
Project("{FAE04EC0-301F-11D3-BF4B-00C04F79EFBC}") = "TeamVesper.MongoDbData", "TeamVesper.MongoDbData\TeamVesper.MongoDbData.csproj", "{660E9392-AF53-4BEB-A82D-1BE030DD6C19}"
EndProject
Project("{FAE04EC0-301F-11D3-BF4B-00C04F79EFBC}") = "TeamVesper.ExportToJson", "TeamVesper.ExportToJson\TeamVesper.ExportToJson.csproj", "{1292B4C0-EC49-4792-B0CA-412E49B04059}"
EndProject
Project("{FAE04EC0-301F-11D3-BF4B-00C04F79EFBC}") = "TeamVesper.Importers", "TeamVesper.Importers\TeamVesper.Importers.csproj", "{F41FF9DF-0A25-4952-82C4-8912847E5135}"
EndProject
Project("{FAE04EC0-301F-11D3-BF4B-00C04F79EFBC}") = "TeamVesper.Utilities", "TeamVesper.Utilities\TeamVesper.Utilities.csproj", "{240D9F05-BEC7-4DE1-9544-04A0325495EB}"
EndProject
Project("{FAE04EC0-301F-11D3-BF4B-00C04F79EFBC}") = "DoingRandomTests", "DoingRandomTests\DoingRandomTests.csproj", "{31EF887A-0762-478C-A6F6-20FA9094487E}"
EndProject
Project("{FAE04EC0-301F-11D3-BF4B-00C04F79EFBC}") = "TeamVesper.XmlDataReader", "TeamVesper.XmlDataReader\TeamVesper.XmlDataReader.csproj", "{676EBCC7-9320-42F3-9F46-00FC4074E876}"
EndProject
Global
	GlobalSection(SolutionConfigurationPlatforms) = preSolution
		Debug|Any CPU = Debug|Any CPU
		Release|Any CPU = Release|Any CPU
	EndGlobalSection
	GlobalSection(ProjectConfigurationPlatforms) = postSolution
		{8746D04C-43B3-4DE3-9668-4169AB64FC15}.Debug|Any CPU.ActiveCfg = Debug|Any CPU
		{8746D04C-43B3-4DE3-9668-4169AB64FC15}.Debug|Any CPU.Build.0 = Debug|Any CPU
		{8746D04C-43B3-4DE3-9668-4169AB64FC15}.Release|Any CPU.ActiveCfg = Release|Any CPU
		{8746D04C-43B3-4DE3-9668-4169AB64FC15}.Release|Any CPU.Build.0 = Release|Any CPU
		{E2263523-AD04-43A5-9390-F8EA35B3DA2B}.Debug|Any CPU.ActiveCfg = Debug|Any CPU
		{E2263523-AD04-43A5-9390-F8EA35B3DA2B}.Debug|Any CPU.Build.0 = Debug|Any CPU
		{E2263523-AD04-43A5-9390-F8EA35B3DA2B}.Release|Any CPU.ActiveCfg = Release|Any CPU
		{E2263523-AD04-43A5-9390-F8EA35B3DA2B}.Release|Any CPU.Build.0 = Release|Any CPU
		{F45724AC-16D9-407D-8E6A-F9E6C39D27B1}.Debug|Any CPU.ActiveCfg = Debug|Any CPU
		{F45724AC-16D9-407D-8E6A-F9E6C39D27B1}.Debug|Any CPU.Build.0 = Debug|Any CPU
		{F45724AC-16D9-407D-8E6A-F9E6C39D27B1}.Release|Any CPU.ActiveCfg = Release|Any CPU
		{F45724AC-16D9-407D-8E6A-F9E6C39D27B1}.Release|Any CPU.Build.0 = Release|Any CPU
		{EF03E9B3-F3A1-4AAD-B2AD-2D3089F9E8B0}.Debug|Any CPU.ActiveCfg = Debug|Any CPU
		{EF03E9B3-F3A1-4AAD-B2AD-2D3089F9E8B0}.Debug|Any CPU.Build.0 = Debug|Any CPU
		{EF03E9B3-F3A1-4AAD-B2AD-2D3089F9E8B0}.Release|Any CPU.ActiveCfg = Release|Any CPU
		{EF03E9B3-F3A1-4AAD-B2AD-2D3089F9E8B0}.Release|Any CPU.Build.0 = Release|Any CPU
		{E666DEB1-C969-4560-B143-26C96B2D9D37}.Debug|Any CPU.ActiveCfg = Debug|Any CPU
		{E666DEB1-C969-4560-B143-26C96B2D9D37}.Debug|Any CPU.Build.0 = Debug|Any CPU
		{E666DEB1-C969-4560-B143-26C96B2D9D37}.Release|Any CPU.ActiveCfg = Release|Any CPU
		{E666DEB1-C969-4560-B143-26C96B2D9D37}.Release|Any CPU.Build.0 = Release|Any CPU
		{660E9392-AF53-4BEB-A82D-1BE030DD6C19}.Debug|Any CPU.ActiveCfg = Debug|Any CPU
		{660E9392-AF53-4BEB-A82D-1BE030DD6C19}.Debug|Any CPU.Build.0 = Debug|Any CPU
		{660E9392-AF53-4BEB-A82D-1BE030DD6C19}.Release|Any CPU.ActiveCfg = Release|Any CPU
		{660E9392-AF53-4BEB-A82D-1BE030DD6C19}.Release|Any CPU.Build.0 = Release|Any CPU
		{1292B4C0-EC49-4792-B0CA-412E49B04059}.Debug|Any CPU.ActiveCfg = Debug|Any CPU
		{1292B4C0-EC49-4792-B0CA-412E49B04059}.Debug|Any CPU.Build.0 = Debug|Any CPU
		{1292B4C0-EC49-4792-B0CA-412E49B04059}.Release|Any CPU.ActiveCfg = Release|Any CPU
		{1292B4C0-EC49-4792-B0CA-412E49B04059}.Release|Any CPU.Build.0 = Release|Any CPU
		{F41FF9DF-0A25-4952-82C4-8912847E5135}.Debug|Any CPU.ActiveCfg = Debug|Any CPU
		{F41FF9DF-0A25-4952-82C4-8912847E5135}.Debug|Any CPU.Build.0 = Debug|Any CPU
		{F41FF9DF-0A25-4952-82C4-8912847E5135}.Release|Any CPU.ActiveCfg = Release|Any CPU
		{F41FF9DF-0A25-4952-82C4-8912847E5135}.Release|Any CPU.Build.0 = Release|Any CPU
		{240D9F05-BEC7-4DE1-9544-04A0325495EB}.Debug|Any CPU.ActiveCfg = Debug|Any CPU
		{240D9F05-BEC7-4DE1-9544-04A0325495EB}.Debug|Any CPU.Build.0 = Debug|Any CPU
		{240D9F05-BEC7-4DE1-9544-04A0325495EB}.Release|Any CPU.ActiveCfg = Release|Any CPU
		{240D9F05-BEC7-4DE1-9544-04A0325495EB}.Release|Any CPU.Build.0 = Release|Any CPU
		{31EF887A-0762-478C-A6F6-20FA9094487E}.Debug|Any CPU.ActiveCfg = Debug|Any CPU
		{31EF887A-0762-478C-A6F6-20FA9094487E}.Debug|Any CPU.Build.0 = Debug|Any CPU
		{31EF887A-0762-478C-A6F6-20FA9094487E}.Release|Any CPU.ActiveCfg = Release|Any CPU
		{31EF887A-0762-478C-A6F6-20FA9094487E}.Release|Any CPU.Build.0 = Release|Any CPU
		{676EBCC7-9320-42F3-9F46-00FC4074E876}.Debug|Any CPU.ActiveCfg = Debug|Any CPU
		{676EBCC7-9320-42F3-9F46-00FC4074E876}.Debug|Any CPU.Build.0 = Debug|Any CPU
		{676EBCC7-9320-42F3-9F46-00FC4074E876}.Release|Any CPU.ActiveCfg = Release|Any CPU
		{676EBCC7-9320-42F3-9F46-00FC4074E876}.Release|Any CPU.Build.0 = Release|Any CPU
	EndGlobalSection
	GlobalSection(SolutionProperties) = preSolution
		HideSolutionNode = FALSE
	EndGlobalSection
EndGlobal
